// !$*UTF8*$!
{
	archiveVersion = 1;
	classes = {
	};
	objectVersion = 55;
	objects = {

/* Begin PBXBuildFile section */
		857C90E82806F94D0009D538 /* String+Extension.swift in Sources */ = {isa = PBXBuildFile; fileRef = 857C90E72806F94D0009D538 /* String+Extension.swift */; };
		857C90EB280700160009D538 /* CurrentLocationManager.swift in Sources */ = {isa = PBXBuildFile; fileRef = 857C90EA280700160009D538 /* CurrentLocationManager.swift */; };
		857C90ED2807049C0009D538 /* WeatherService.swift in Sources */ = {isa = PBXBuildFile; fileRef = 857C90EC2807049C0009D538 /* WeatherService.swift */; };
		857C90EF280706600009D538 /* WeatherReceiver.swift in Sources */ = {isa = PBXBuildFile; fileRef = 857C90EE280706600009D538 /* WeatherReceiver.swift */; };
		857C90F2280708AA0009D538 /* WeatherRectangleViewModel.swift in Sources */ = {isa = PBXBuildFile; fileRef = 857C90F1280708AA0009D538 /* WeatherRectangleViewModel.swift */; };
		857C90F4280709460009D538 /* WeatherRectangleView.swift in Sources */ = {isa = PBXBuildFile; fileRef = 857C90F3280709460009D538 /* WeatherRectangleView.swift */; };
		857C90F6280713DA0009D538 /* Double+Extension.swift in Sources */ = {isa = PBXBuildFile; fileRef = 857C90F5280713DA0009D538 /* Double+Extension.swift */; };
		857C90F828084C680009D538 /* WeatherIcon.swift in Sources */ = {isa = PBXBuildFile; fileRef = 857C90F728084C680009D538 /* WeatherIcon.swift */; };
		857C90FC280856190009D538 /* Constants.swift in Sources */ = {isa = PBXBuildFile; fileRef = 857C90FB280856190009D538 /* Constants.swift */; };
		859430F4280659BF003C3920 /* DeskDashApp.swift in Sources */ = {isa = PBXBuildFile; fileRef = 859430E4280659BE003C3920 /* DeskDashApp.swift */; };
		859430F6280659BF003C3920 /* ContentView.swift in Sources */ = {isa = PBXBuildFile; fileRef = 859430E5280659BE003C3920 /* ContentView.swift */; };
		859430F8280659BF003C3920 /* Assets.xcassets in Resources */ = {isa = PBXBuildFile; fileRef = 859430E6280659BF003C3920 /* Assets.xcassets */; };
		8594310628065C08003C3920 /* SmallRectangleView.swift in Sources */ = {isa = PBXBuildFile; fileRef = 8594310528065C08003C3920 /* SmallRectangleView.swift */; };
		8594310828065C21003C3920 /* SmallRectangleViewModel.swift in Sources */ = {isa = PBXBuildFile; fileRef = 8594310728065C21003C3920 /* SmallRectangleViewModel.swift */; };
		8594310B28065D27003C3920 /* MainService.swift in Sources */ = {isa = PBXBuildFile; fileRef = 8594310A28065D27003C3920 /* MainService.swift */; };
		8594310D280663A4003C3920 /* ErrorHttp.swift in Sources */ = {isa = PBXBuildFile; fileRef = 8594310C280663A4003C3920 /* ErrorHttp.swift */; };
		8594311028066C7F003C3920 /* Alamofire in Frameworks */ = {isa = PBXBuildFile; productRef = 8594310F28066C7F003C3920 /* Alamofire */; };
		8594311228066F90003C3920 /* TerminalCommands.swift in Sources */ = {isa = PBXBuildFile; fileRef = 8594311128066F90003C3920 /* TerminalCommands.swift */; };
		859431142806722C003C3920 /* ColorSender.swift in Sources */ = {isa = PBXBuildFile; fileRef = 859431132806722C003C3920 /* ColorSender.swift */; };
		859431162806724E003C3920 /* CommandSender.swift in Sources */ = {isa = PBXBuildFile; fileRef = 859431152806724E003C3920 /* CommandSender.swift */; };
		8594311828067574003C3920 /* SystemUsage.swift in Sources */ = {isa = PBXBuildFile; fileRef = 8594311728067574003C3920 /* SystemUsage.swift */; };
		8594311C28067FFB003C3920 /* UsageRectangleView.swift in Sources */ = {isa = PBXBuildFile; fileRef = 8594311B28067FFB003C3920 /* UsageRectangleView.swift */; };
		8594312028068172003C3920 /* UsageRectangleViewModel.swift in Sources */ = {isa = PBXBuildFile; fileRef = 8594311F28068172003C3920 /* UsageRectangleViewModel.swift */; };
		8594312228068332003C3920 /* PercentType.swift in Sources */ = {isa = PBXBuildFile; fileRef = 8594312128068332003C3920 /* PercentType.swift */; };
/* End PBXBuildFile section */

/* Begin PBXFileReference section */
		857C90E72806F94D0009D538 /* String+Extension.swift */ = {isa = PBXFileReference; lastKnownFileType = sourcecode.swift; path = "String+Extension.swift"; sourceTree = "<group>"; };
		857C90EA280700160009D538 /* CurrentLocationManager.swift */ = {isa = PBXFileReference; lastKnownFileType = sourcecode.swift; path = CurrentLocationManager.swift; sourceTree = "<group>"; };
		857C90EC2807049C0009D538 /* WeatherService.swift */ = {isa = PBXFileReference; lastKnownFileType = sourcecode.swift; path = WeatherService.swift; sourceTree = "<group>"; };
		857C90EE280706600009D538 /* WeatherReceiver.swift */ = {isa = PBXFileReference; lastKnownFileType = sourcecode.swift; path = WeatherReceiver.swift; sourceTree = "<group>"; };
		857C90F1280708AA0009D538 /* WeatherRectangleViewModel.swift */ = {isa = PBXFileReference; lastKnownFileType = sourcecode.swift; path = WeatherRectangleViewModel.swift; sourceTree = "<group>"; };
		857C90F3280709460009D538 /* WeatherRectangleView.swift */ = {isa = PBXFileReference; lastKnownFileType = sourcecode.swift; path = WeatherRectangleView.swift; sourceTree = "<group>"; };
		857C90F5280713DA0009D538 /* Double+Extension.swift */ = {isa = PBXFileReference; lastKnownFileType = sourcecode.swift; path = "Double+Extension.swift"; sourceTree = "<group>"; };
		857C90F728084C680009D538 /* WeatherIcon.swift */ = {isa = PBXFileReference; lastKnownFileType = sourcecode.swift; path = WeatherIcon.swift; sourceTree = "<group>"; };
		857C90FB280856190009D538 /* Constants.swift */ = {isa = PBXFileReference; lastKnownFileType = sourcecode.swift; path = Constants.swift; sourceTree = "<group>"; };
		859430E4280659BE003C3920 /* DeskDashApp.swift */ = {isa = PBXFileReference; lastKnownFileType = sourcecode.swift; path = DeskDashApp.swift; sourceTree = "<group>"; };
		859430E5280659BE003C3920 /* ContentView.swift */ = {isa = PBXFileReference; lastKnownFileType = sourcecode.swift; path = ContentView.swift; sourceTree = "<group>"; };
		859430E6280659BF003C3920 /* Assets.xcassets */ = {isa = PBXFileReference; lastKnownFileType = folder.assetcatalog; path = Assets.xcassets; sourceTree = "<group>"; };
		859430EB280659BF003C3920 /* DeskDash.app */ = {isa = PBXFileReference; explicitFileType = wrapper.application; includeInIndex = 0; path = DeskDash.app; sourceTree = BUILT_PRODUCTS_DIR; };
		859430F3280659BF003C3920 /* macOS.entitlements */ = {isa = PBXFileReference; lastKnownFileType = text.plist.entitlements; path = macOS.entitlements; sourceTree = "<group>"; };
		8594310528065C08003C3920 /* SmallRectangleView.swift */ = {isa = PBXFileReference; lastKnownFileType = sourcecode.swift; path = SmallRectangleView.swift; sourceTree = "<group>"; };
		8594310728065C21003C3920 /* SmallRectangleViewModel.swift */ = {isa = PBXFileReference; lastKnownFileType = sourcecode.swift; path = SmallRectangleViewModel.swift; sourceTree = "<group>"; };
		8594310A28065D27003C3920 /* MainService.swift */ = {isa = PBXFileReference; lastKnownFileType = sourcecode.swift; path = MainService.swift; sourceTree = "<group>"; };
		8594310C280663A4003C3920 /* ErrorHttp.swift */ = {isa = PBXFileReference; lastKnownFileType = sourcecode.swift; path = ErrorHttp.swift; sourceTree = "<group>"; };
		8594311128066F90003C3920 /* TerminalCommands.swift */ = {isa = PBXFileReference; lastKnownFileType = sourcecode.swift; path = TerminalCommands.swift; sourceTree = "<group>"; };
		859431132806722C003C3920 /* ColorSender.swift */ = {isa = PBXFileReference; lastKnownFileType = sourcecode.swift; path = ColorSender.swift; sourceTree = "<group>"; };
		859431152806724E003C3920 /* CommandSender.swift */ = {isa = PBXFileReference; lastKnownFileType = sourcecode.swift; path = CommandSender.swift; sourceTree = "<group>"; };
		8594311728067574003C3920 /* SystemUsage.swift */ = {isa = PBXFileReference; lastKnownFileType = sourcecode.swift; path = SystemUsage.swift; sourceTree = "<group>"; };
		8594311B28067FFB003C3920 /* UsageRectangleView.swift */ = {isa = PBXFileReference; lastKnownFileType = sourcecode.swift; path = UsageRectangleView.swift; sourceTree = "<group>"; };
		8594311F28068172003C3920 /* UsageRectangleViewModel.swift */ = {isa = PBXFileReference; lastKnownFileType = sourcecode.swift; path = UsageRectangleViewModel.swift; sourceTree = "<group>"; };
		8594312128068332003C3920 /* PercentType.swift */ = {isa = PBXFileReference; lastKnownFileType = sourcecode.swift; path = PercentType.swift; sourceTree = "<group>"; };
/* End PBXFileReference section */

/* Begin PBXFrameworksBuildPhase section */
		859430E8280659BF003C3920 /* Frameworks */ = {
			isa = PBXFrameworksBuildPhase;
			buildActionMask = 2147483647;
			files = (
				8594311028066C7F003C3920 /* Alamofire in Frameworks */,
			);
			runOnlyForDeploymentPostprocessing = 0;
		};
/* End PBXFrameworksBuildPhase section */

/* Begin PBXGroup section */
		857C90E92806FF960009D538 /* Utils */ = {
			isa = PBXGroup;
			children = (
				857C90EA280700160009D538 /* CurrentLocationManager.swift */,
				857C90FB280856190009D538 /* Constants.swift */,
			);
			path = Utils;
			sourceTree = "<group>";
		};
		857C90F0280708900009D538 /* WeatherRectangle */ = {
			isa = PBXGroup;
			children = (
				857C90F1280708AA0009D538 /* WeatherRectangleViewModel.swift */,
				857C90F3280709460009D538 /* WeatherRectangleView.swift */,
				857C90F728084C680009D538 /* WeatherIcon.swift */,
			);
			path = WeatherRectangle;
			sourceTree = "<group>";
		};
		859430DE280659BE003C3920 = {
			isa = PBXGroup;
			children = (
				859430E3280659BE003C3920 /* Shared */,
				859430F2280659BF003C3920 /* macOS */,
				859430EC280659BF003C3920 /* Products */,
			);
			sourceTree = "<group>";
		};
		859430E3280659BE003C3920 /* Shared */ = {
			isa = PBXGroup;
			children = (
				8594310228065AD9003C3920 /* App */,
				8594310428065B5B003C3920 /* Views */,
				8594310328065B43003C3920 /* Services */,
				8594310928065C37003C3920 /* Models */,
				859431232806F8CB003C3920 /* Extensions */,
				857C90E92806FF960009D538 /* Utils */,
				859430E6280659BF003C3920 /* Assets.xcassets */,
			);
			path = Shared;
			sourceTree = "<group>";
		};
		859430EC280659BF003C3920 /* Products */ = {
			isa = PBXGroup;
			children = (
				859430EB280659BF003C3920 /* DeskDash.app */,
			);
			name = Products;
			sourceTree = "<group>";
		};
		859430F2280659BF003C3920 /* macOS */ = {
			isa = PBXGroup;
			children = (
				859430F3280659BF003C3920 /* macOS.entitlements */,
			);
			path = macOS;
			sourceTree = "<group>";
		};
		8594310228065AD9003C3920 /* App */ = {
			isa = PBXGroup;
			children = (
				859430E4280659BE003C3920 /* DeskDashApp.swift */,
				859430E5280659BE003C3920 /* ContentView.swift */,
			);
			path = App;
			sourceTree = "<group>";
		};
		8594310328065B43003C3920 /* Services */ = {
			isa = PBXGroup;
			children = (
				8594310A28065D27003C3920 /* MainService.swift */,
				8594310C280663A4003C3920 /* ErrorHttp.swift */,
				857C90EC2807049C0009D538 /* WeatherService.swift */,
			);
			path = Services;
			sourceTree = "<group>";
		};
		8594310428065B5B003C3920 /* Views */ = {
			isa = PBXGroup;
			children = (
				857C90F0280708900009D538 /* WeatherRectangle */,
				8594311A28067FD2003C3920 /* UsageRectangle */,
				85943119280678DB003C3920 /* SmallRectangle */,
			);
			path = Views;
			sourceTree = "<group>";
		};
		8594310928065C37003C3920 /* Models */ = {
			isa = PBXGroup;
			children = (
				8594311128066F90003C3920 /* TerminalCommands.swift */,
				859431132806722C003C3920 /* ColorSender.swift */,
				859431152806724E003C3920 /* CommandSender.swift */,
				8594311728067574003C3920 /* SystemUsage.swift */,
				8594312128068332003C3920 /* PercentType.swift */,
				857C90EE280706600009D538 /* WeatherReceiver.swift */,
			);
			path = Models;
			sourceTree = "<group>";
		};
		85943119280678DB003C3920 /* SmallRectangle */ = {
			isa = PBXGroup;
			children = (
				8594310528065C08003C3920 /* SmallRectangleView.swift */,
				8594310728065C21003C3920 /* SmallRectangleViewModel.swift */,
			);
			path = SmallRectangle;
			sourceTree = "<group>";
		};
		8594311A28067FD2003C3920 /* UsageRectangle */ = {
			isa = PBXGroup;
			children = (
				8594311B28067FFB003C3920 /* UsageRectangleView.swift */,
				8594311F28068172003C3920 /* UsageRectangleViewModel.swift */,
			);
			path = UsageRectangle;
			sourceTree = "<group>";
		};
		859431232806F8CB003C3920 /* Extensions */ = {
			isa = PBXGroup;
			children = (
				857C90E72806F94D0009D538 /* String+Extension.swift */,
				857C90F5280713DA0009D538 /* Double+Extension.swift */,
			);
			path = Extensions;
			sourceTree = "<group>";
		};
/* End PBXGroup section */

/* Begin PBXNativeTarget section */
		859430EA280659BF003C3920 /* DeskDash (iOS) */ = {
			isa = PBXNativeTarget;
			buildConfigurationList = 859430FC280659BF003C3920 /* Build configuration list for PBXNativeTarget "DeskDash (iOS)" */;
			buildPhases = (
				859430E7280659BF003C3920 /* Sources */,
				859430E8280659BF003C3920 /* Frameworks */,
				859430E9280659BF003C3920 /* Resources */,
				857C90FD280858340009D538 /* SwiftLint Script */,
			);
			buildRules = (
			);
			dependencies = (
			);
			name = "DeskDash (iOS)";
			packageProductDependencies = (
				8594310F28066C7F003C3920 /* Alamofire */,
			);
			productName = "DeskDash (iOS)";
			productReference = 859430EB280659BF003C3920 /* DeskDash.app */;
			productType = "com.apple.product-type.application";
		};
/* End PBXNativeTarget section */

/* Begin PBXProject section */
		859430DF280659BE003C3920 /* Project object */ = {
			isa = PBXProject;
			attributes = {
				BuildIndependentTargetsInParallel = 1;
				LastSwiftUpdateCheck = 1330;
				LastUpgradeCheck = 1330;
				TargetAttributes = {
					859430EA280659BF003C3920 = {
						CreatedOnToolsVersion = 13.3;
					};
				};
			};
			buildConfigurationList = 859430E2280659BE003C3920 /* Build configuration list for PBXProject "DeskDash" */;
			compatibilityVersion = "Xcode 13.0";
			developmentRegion = en;
			hasScannedForEncodings = 0;
			knownRegions = (
				en,
				Base,
			);
			mainGroup = 859430DE280659BE003C3920;
			packageReferences = (
				8594310E28066C7F003C3920 /* XCRemoteSwiftPackageReference "Alamofire" */,
			);
			productRefGroup = 859430EC280659BF003C3920 /* Products */;
			projectDirPath = "";
			projectRoot = "";
			targets = (
				859430EA280659BF003C3920 /* DeskDash (iOS) */,
			);
		};
/* End PBXProject section */

/* Begin PBXResourcesBuildPhase section */
		859430E9280659BF003C3920 /* Resources */ = {
			isa = PBXResourcesBuildPhase;
			buildActionMask = 2147483647;
			files = (
				859430F8280659BF003C3920 /* Assets.xcassets in Resources */,
			);
			runOnlyForDeploymentPostprocessing = 0;
		};
/* End PBXResourcesBuildPhase section */

/* Begin PBXShellScriptBuildPhase section */
		857C90FD280858340009D538 /* SwiftLint Script */ = {
			isa = PBXShellScriptBuildPhase;
			buildActionMask = 2147483647;
			files = (
			);
			inputFileListPaths = (
			);
			inputPaths = (
			);
			name = "SwiftLint Script";
			outputFileListPaths = (
			);
			outputPaths = (
			);
			runOnlyForDeploymentPostprocessing = 0;
			shellPath = /bin/sh;
			shellScript = "export PATH=\"$PATH:/opt/homebrew/bin\"\n\nif which swiftlint >/dev/null; then\n  swiftlint\nelse\n  echo \"warning: SwiftLint not installed, download from https://github.com/realm/SwiftLint\"\nfi\n";
		};
/* End PBXShellScriptBuildPhase section */

/* Begin PBXSourcesBuildPhase section */
		859430E7280659BF003C3920 /* Sources */ = {
			isa = PBXSourcesBuildPhase;
			buildActionMask = 2147483647;
			files = (
				857C90EF280706600009D538 /* WeatherReceiver.swift in Sources */,
				857C90FC280856190009D538 /* Constants.swift in Sources */,
				857C90F828084C680009D538 /* WeatherIcon.swift in Sources */,
				857C90F2280708AA0009D538 /* WeatherRectangleViewModel.swift in Sources */,
				857C90ED2807049C0009D538 /* WeatherService.swift in Sources */,
				8594311828067574003C3920 /* SystemUsage.swift in Sources */,
				8594310D280663A4003C3920 /* ErrorHttp.swift in Sources */,
				8594312028068172003C3920 /* UsageRectangleViewModel.swift in Sources */,
				857C90EB280700160009D538 /* CurrentLocationManager.swift in Sources */,
				8594312228068332003C3920 /* PercentType.swift in Sources */,
				857C90F6280713DA0009D538 /* Double+Extension.swift in Sources */,
				859430F6280659BF003C3920 /* ContentView.swift in Sources */,
				8594311228066F90003C3920 /* TerminalCommands.swift in Sources */,
				8594310628065C08003C3920 /* SmallRectangleView.swift in Sources */,
				8594311C28067FFB003C3920 /* UsageRectangleView.swift in Sources */,
				857C90F4280709460009D538 /* WeatherRectangleView.swift in Sources */,
				857C90E82806F94D0009D538 /* String+Extension.swift in Sources */,
				859431142806722C003C3920 /* ColorSender.swift in Sources */,
				859431162806724E003C3920 /* CommandSender.swift in Sources */,
				8594310828065C21003C3920 /* SmallRectangleViewModel.swift in Sources */,
				8594310B28065D27003C3920 /* MainService.swift in Sources */,
				859430F4280659BF003C3920 /* DeskDashApp.swift in Sources */,
			);
			runOnlyForDeploymentPostprocessing = 0;
		};
/* End PBXSourcesBuildPhase section */

/* Begin XCBuildConfiguration section */
		859430FA280659BF003C3920 /* Debug */ = {
			isa = XCBuildConfiguration;
			buildSettings = {
				ALWAYS_SEARCH_USER_PATHS = NO;
				CLANG_ANALYZER_NONNULL = YES;
				CLANG_ANALYZER_NUMBER_OBJECT_CONVERSION = YES_AGGRESSIVE;
				CLANG_CXX_LANGUAGE_STANDARD = "gnu++17";
				CLANG_ENABLE_MODULES = YES;
				CLANG_ENABLE_OBJC_ARC = YES;
				CLANG_ENABLE_OBJC_WEAK = YES;
				CLANG_WARN_BLOCK_CAPTURE_AUTORELEASING = YES;
				CLANG_WARN_BOOL_CONVERSION = YES;
				CLANG_WARN_COMMA = YES;
				CLANG_WARN_CONSTANT_CONVERSION = YES;
				CLANG_WARN_DEPRECATED_OBJC_IMPLEMENTATIONS = YES;
				CLANG_WARN_DIRECT_OBJC_ISA_USAGE = YES_ERROR;
				CLANG_WARN_DOCUMENTATION_COMMENTS = YES;
				CLANG_WARN_EMPTY_BODY = YES;
				CLANG_WARN_ENUM_CONVERSION = YES;
				CLANG_WARN_INFINITE_RECURSION = YES;
				CLANG_WARN_INT_CONVERSION = YES;
				CLANG_WARN_NON_LITERAL_NULL_CONVERSION = YES;
				CLANG_WARN_OBJC_IMPLICIT_RETAIN_SELF = YES;
				CLANG_WARN_OBJC_LITERAL_CONVERSION = YES;
				CLANG_WARN_OBJC_ROOT_CLASS = YES_ERROR;
				CLANG_WARN_QUOTED_INCLUDE_IN_FRAMEWORK_HEADER = YES;
				CLANG_WARN_RANGE_LOOP_ANALYSIS = YES;
				CLANG_WARN_STRICT_PROTOTYPES = YES;
				CLANG_WARN_SUSPICIOUS_MOVE = YES;
				CLANG_WARN_UNGUARDED_AVAILABILITY = YES_AGGRESSIVE;
				CLANG_WARN_UNREACHABLE_CODE = YES;
				CLANG_WARN__DUPLICATE_METHOD_MATCH = YES;
				COPY_PHASE_STRIP = NO;
				DEBUG_INFORMATION_FORMAT = dwarf;
				ENABLE_STRICT_OBJC_MSGSEND = YES;
				ENABLE_TESTABILITY = YES;
				GCC_C_LANGUAGE_STANDARD = gnu11;
				GCC_DYNAMIC_NO_PIC = NO;
				GCC_NO_COMMON_BLOCKS = YES;
				GCC_OPTIMIZATION_LEVEL = 0;
				GCC_PREPROCESSOR_DEFINITIONS = (
					"DEBUG=1",
					"$(inherited)",
				);
				GCC_WARN_64_TO_32_BIT_CONVERSION = YES;
				GCC_WARN_ABOUT_RETURN_TYPE = YES_ERROR;
				GCC_WARN_UNDECLARED_SELECTOR = YES;
				GCC_WARN_UNINITIALIZED_AUTOS = YES_AGGRESSIVE;
				GCC_WARN_UNUSED_FUNCTION = YES;
				GCC_WARN_UNUSED_VARIABLE = YES;
				MTL_ENABLE_DEBUG_INFO = INCLUDE_SOURCE;
				MTL_FAST_MATH = YES;
				ONLY_ACTIVE_ARCH = YES;
				SWIFT_ACTIVE_COMPILATION_CONDITIONS = DEBUG;
				SWIFT_OPTIMIZATION_LEVEL = "-Onone";
			};
			name = Debug;
		};
		859430FB280659BF003C3920 /* Release */ = {
			isa = XCBuildConfiguration;
			buildSettings = {
				ALWAYS_SEARCH_USER_PATHS = NO;
				CLANG_ANALYZER_NONNULL = YES;
				CLANG_ANALYZER_NUMBER_OBJECT_CONVERSION = YES_AGGRESSIVE;
				CLANG_CXX_LANGUAGE_STANDARD = "gnu++17";
				CLANG_ENABLE_MODULES = YES;
				CLANG_ENABLE_OBJC_ARC = YES;
				CLANG_ENABLE_OBJC_WEAK = YES;
				CLANG_WARN_BLOCK_CAPTURE_AUTORELEASING = YES;
				CLANG_WARN_BOOL_CONVERSION = YES;
				CLANG_WARN_COMMA = YES;
				CLANG_WARN_CONSTANT_CONVERSION = YES;
				CLANG_WARN_DEPRECATED_OBJC_IMPLEMENTATIONS = YES;
				CLANG_WARN_DIRECT_OBJC_ISA_USAGE = YES_ERROR;
				CLANG_WARN_DOCUMENTATION_COMMENTS = YES;
				CLANG_WARN_EMPTY_BODY = YES;
				CLANG_WARN_ENUM_CONVERSION = YES;
				CLANG_WARN_INFINITE_RECURSION = YES;
				CLANG_WARN_INT_CONVERSION = YES;
				CLANG_WARN_NON_LITERAL_NULL_CONVERSION = YES;
				CLANG_WARN_OBJC_IMPLICIT_RETAIN_SELF = YES;
				CLANG_WARN_OBJC_LITERAL_CONVERSION = YES;
				CLANG_WARN_OBJC_ROOT_CLASS = YES_ERROR;
				CLANG_WARN_QUOTED_INCLUDE_IN_FRAMEWORK_HEADER = YES;
				CLANG_WARN_RANGE_LOOP_ANALYSIS = YES;
				CLANG_WARN_STRICT_PROTOTYPES = YES;
				CLANG_WARN_SUSPICIOUS_MOVE = YES;
				CLANG_WARN_UNGUARDED_AVAILABILITY = YES_AGGRESSIVE;
				CLANG_WARN_UNREACHABLE_CODE = YES;
				CLANG_WARN__DUPLICATE_METHOD_MATCH = YES;
				COPY_PHASE_STRIP = NO;
				DEBUG_INFORMATION_FORMAT = "dwarf-with-dsym";
				ENABLE_NS_ASSERTIONS = NO;
				ENABLE_STRICT_OBJC_MSGSEND = YES;
				GCC_C_LANGUAGE_STANDARD = gnu11;
				GCC_NO_COMMON_BLOCKS = YES;
				GCC_WARN_64_TO_32_BIT_CONVERSION = YES;
				GCC_WARN_ABOUT_RETURN_TYPE = YES_ERROR;
				GCC_WARN_UNDECLARED_SELECTOR = YES;
				GCC_WARN_UNINITIALIZED_AUTOS = YES_AGGRESSIVE;
				GCC_WARN_UNUSED_FUNCTION = YES;
				GCC_WARN_UNUSED_VARIABLE = YES;
				MTL_ENABLE_DEBUG_INFO = NO;
				MTL_FAST_MATH = YES;
				SWIFT_COMPILATION_MODE = wholemodule;
				SWIFT_OPTIMIZATION_LEVEL = "-O";
			};
			name = Release;
		};
		859430FD280659BF003C3920 /* Debug */ = {
			isa = XCBuildConfiguration;
			buildSettings = {
				ASSETCATALOG_COMPILER_APPICON_NAME = AppIcon;
				ASSETCATALOG_COMPILER_GLOBAL_ACCENT_COLOR_NAME = AccentColor;
				CODE_SIGN_STYLE = Automatic;
				CURRENT_PROJECT_VERSION = 1;
				DEVELOPMENT_TEAM = 6PV93VWSFD;
				ENABLE_PREVIEWS = YES;
				GENERATE_INFOPLIST_FILE = YES;
				INFOPLIST_KEY_NSLocationWhenInUseUsageDescription = Clima;
				INFOPLIST_KEY_UIApplicationSceneManifest_Generation = YES;
				INFOPLIST_KEY_UIApplicationSupportsIndirectInputEvents = YES;
				INFOPLIST_KEY_UILaunchScreen_Generation = YES;
				INFOPLIST_KEY_UISupportedInterfaceOrientations_iPad = "UIInterfaceOrientationPortrait UIInterfaceOrientationPortraitUpsideDown UIInterfaceOrientationLandscapeLeft UIInterfaceOrientationLandscapeRight";
				INFOPLIST_KEY_UISupportedInterfaceOrientations_iPhone = "UIInterfaceOrientationPortrait UIInterfaceOrientationLandscapeLeft UIInterfaceOrientationLandscapeRight";
				IPHONEOS_DEPLOYMENT_TARGET = 15.4;
				LD_RUNPATH_SEARCH_PATHS = (
					"$(inherited)",
					"@executable_path/Frameworks",
				);
				MARKETING_VERSION = 1.0;
				PRODUCT_BUNDLE_IDENTIFIER = com.Thiago.DeskDash;
				PRODUCT_NAME = DeskDash;
				SDKROOT = iphoneos;
				SWIFT_EMIT_LOC_STRINGS = YES;
				SWIFT_VERSION = 5.0;
				TARGETED_DEVICE_FAMILY = "1,2";
			};
			name = Debug;
		};
		859430FE280659BF003C3920 /* Release */ = {
			isa = XCBuildConfiguration;
			buildSettings = {
				ASSETCATALOG_COMPILER_APPICON_NAME = AppIcon;
				ASSETCATALOG_COMPILER_GLOBAL_ACCENT_COLOR_NAME = AccentColor;
				CODE_SIGN_STYLE = Automatic;
				CURRENT_PROJECT_VERSION = 1;
				DEVELOPMENT_TEAM = 6PV93VWSFD;
				ENABLE_PREVIEWS = YES;
				GENERATE_INFOPLIST_FILE = YES;
				INFOPLIST_KEY_NSLocationWhenInUseUsageDescription = Clima;
				INFOPLIST_KEY_UIApplicationSceneManifest_Generation = YES;
				INFOPLIST_KEY_UIApplicationSupportsIndirectInputEvents = YES;
				INFOPLIST_KEY_UILaunchScreen_Generation = YES;
				INFOPLIST_KEY_UISupportedInterfaceOrientations_iPad = "UIInterfaceOrientationPortrait UIInterfaceOrientationPortraitUpsideDown UIInterfaceOrientationLandscapeLeft UIInterfaceOrientationLandscapeRight";
				INFOPLIST_KEY_UISupportedInterfaceOrientations_iPhone = "UIInterfaceOrientationPortrait UIInterfaceOrientationLandscapeLeft UIInterfaceOrientationLandscapeRight";
				IPHONEOS_DEPLOYMENT_TARGET = 15.4;
				LD_RUNPATH_SEARCH_PATHS = (
					"$(inherited)",
					"@executable_path/Frameworks",
				);
				MARKETING_VERSION = 1.0;
				PRODUCT_BUNDLE_IDENTIFIER = com.Thiago.DeskDash;
				PRODUCT_NAME = DeskDash;
				SDKROOT = iphoneos;
				SWIFT_EMIT_LOC_STRINGS = YES;
				SWIFT_VERSION = 5.0;
				TARGETED_DEVICE_FAMILY = "1,2";
				VALIDATE_PRODUCT = YES;
			};
			name = Release;
		};
/* End XCBuildConfiguration section */

/* Begin XCConfigurationList section */
		859430E2280659BE003C3920 /* Build configuration list for PBXProject "DeskDash" */ = {
			isa = XCConfigurationList;
			buildConfigurations = (
				859430FA280659BF003C3920 /* Debug */,
				859430FB280659BF003C3920 /* Release */,
			);
			defaultConfigurationIsVisible = 0;
			defaultConfigurationName = Release;
		};
		859430FC280659BF003C3920 /* Build configuration list for PBXNativeTarget "DeskDash (iOS)" */ = {
			isa = XCConfigurationList;
			buildConfigurations = (
				859430FD280659BF003C3920 /* Debug */,
				859430FE280659BF003C3920 /* Release */,
			);
			defaultConfigurationIsVisible = 0;
			defaultConfigurationName = Release;
		};
/* End XCConfigurationList section */

/* Begin XCRemoteSwiftPackageReference section */
		8594310E28066C7F003C3920 /* XCRemoteSwiftPackageReference "Alamofire" */ = {
			isa = XCRemoteSwiftPackageReference;
			repositoryURL = "https://github.com/Alamofire/Alamofire.git";
			requirement = {
				branch = master;
				kind = branch;
			};
		};
/* End XCRemoteSwiftPackageReference section */

/* Begin XCSwiftPackageProductDependency section */
		8594310F28066C7F003C3920 /* Alamofire */ = {
			isa = XCSwiftPackageProductDependency;
			package = 8594310E28066C7F003C3920 /* XCRemoteSwiftPackageReference "Alamofire" */;
			productName = Alamofire;
		};
/* End XCSwiftPackageProductDependency section */
	};
	rootObject = 859430DF280659BE003C3920 /* Project object */;
}
